Terraform used the selected providers to generate the following execution plan. Resource actions are indicated with the following symbols:
  + create

Terraform will perform the following actions:

  # aws_cloudfront_distribution.s3_distribution will be created
  + resource "aws_cloudfront_distribution" "s3_distribution" {
      + arn                             = (known after apply)
      + caller_reference                = (known after apply)
      + comment                         = "S3 Distribution for My Bucket"
      + continuous_deployment_policy_id = (known after apply)
      + default_root_object             = "index.html"
      + domain_name                     = (known after apply)
      + enabled                         = true
      + etag                            = (known after apply)
      + hosted_zone_id                  = (known after apply)
      + http_version                    = "http2"
      + id                              = (known after apply)
      + in_progress_validation_batches  = (known after apply)
      + is_ipv6_enabled                 = true
      + last_modified_time              = (known after apply)
      + price_class                     = "PriceClass_100"
      + retain_on_delete                = false
      + staging                         = false
      + status                          = (known after apply)
      + tags_all                        = (known after apply)
      + trusted_key_groups              = (known after apply)
      + trusted_signers                 = (known after apply)
      + wait_for_deployment             = true

      + default_cache_behavior {
          + allowed_methods        = [
              + "DELETE",
              + "GET",
              + "HEAD",
              + "OPTIONS",
              + "PATCH",
              + "POST",
              + "PUT",
            ]
          + cached_methods         = [
              + "GET",
              + "HEAD",
            ]
          + compress               = false
          + default_ttl            = 3600
          + max_ttl                = 86400
          + min_ttl                = 0
          + target_origin_id       = "myS3Origin"
          + trusted_key_groups     = (known after apply)
          + trusted_signers        = (known after apply)
          + viewer_protocol_policy = "redirect-to-https"

          + forwarded_values {
              + headers                 = [
                  + "Origin",
                ]
              + query_string            = false
              + query_string_cache_keys = (known after apply)

              + cookies {
                  + forward           = "none"
                  + whitelisted_names = (known after apply)
                }
            }
        }

      + origin {
          + connection_attempts = 3
          + connection_timeout  = 10
          + domain_name         = (known after apply)
          + origin_id           = "myS3Origin"

          + s3_origin_config {
              + origin_access_identity = (known after apply)
            }
        }

      + restrictions {
          + geo_restriction {
              + locations        = (known after apply)
              + restriction_type = "none"
            }
        }

      + viewer_certificate {
          + cloudfront_default_certificate = true
          + minimum_protocol_version       = "TLSv1"
        }
    }

  # aws_cloudfront_origin_access_identity.oai will be created
  + resource "aws_cloudfront_origin_access_identity" "oai" {
      + caller_reference                = (known after apply)
      + cloudfront_access_identity_path = (known after apply)
      + comment                         = "S3 origin identity for my CloudFront distribution"
      + etag                            = (known after apply)
      + iam_arn                         = (known after apply)
      + id                              = (known after apply)
      + s3_canonical_user_id            = (known after apply)
    }

  # aws_route53_record.www will be created
  + resource "aws_route53_record" "www" {
      + allow_overwrite = (known after apply)
      + fqdn            = (known after apply)
      + id              = (known after apply)
      + name            = "staticwebserver"
      + records         = (known after apply)
      + ttl             = 300
      + type            = "CNAME"
      + zone_id         = (known after apply)
    }

  # aws_route53_zone.primary will be created
  + resource "aws_route53_zone" "primary" {
      + arn                 = (known after apply)
      + comment             = "Managed by Terraform"
      + force_destroy       = false
      + id                  = (known after apply)
      + name                = "comcastsrechallenge.com"
      + name_servers        = (known after apply)
      + primary_name_server = (known after apply)
      + tags_all            = (known after apply)
      + zone_id             = (known after apply)
    }

  # aws_s3_bucket.bucket will be created
  + resource "aws_s3_bucket" "bucket" {
      + acceleration_status         = (known after apply)
      + acl                         = (known after apply)
      + arn                         = (known after apply)
      + bucket                      = "my-bucket"
      + bucket_domain_name          = (known after apply)
      + bucket_prefix               = (known after apply)
      + bucket_regional_domain_name = (known after apply)
      + force_destroy               = false
      + hosted_zone_id              = (known after apply)
      + id                          = (known after apply)
      + object_lock_enabled         = (known after apply)
      + policy                      = (known after apply)
      + region                      = (known after apply)
      + request_payer               = (known after apply)
      + tags_all                    = (known after apply)
      + website_domain              = (known after apply)
      + website_endpoint            = (known after apply)
    }

  # aws_s3_bucket_acl.bucket_acl will be created
  + resource "aws_s3_bucket_acl" "bucket_acl" {
      + acl    = "private"
      + bucket = (known after apply)
      + id     = (known after apply)
    }

  # aws_s3_object.object will be created
  + resource "aws_s3_object" "object" {
      + acl                    = "public-read"
      + arn                    = (known after apply)
      + bucket                 = "my-bucket"
      + bucket_key_enabled     = (known after apply)
      + checksum_crc32         = (known after apply)
      + checksum_crc32c        = (known after apply)
      + checksum_sha1          = (known after apply)
      + checksum_sha256        = (known after apply)
      + content_type           = (known after apply)
      + etag                   = (known after apply)
      + force_destroy          = false
      + id                     = (known after apply)
      + key                    = "index.html"
      + kms_key_id             = (known after apply)
      + server_side_encryption = (known after apply)
      + source                 = "index.html"
      + storage_class          = (known after apply)
      + tags_all               = (known after apply)
      + version_id             = (known after apply)
    }

Plan: 7 to add, 0 to change, 0 to destroy.

─────────────────────────────────────────────────────────────────────────────────────────────────────────────────────────────────────────────────────────────────────────────────────────────────────────────────────────────────────────────────────────────

Note: You didn't use the -out option to save this plan, so Terraform can't guarantee to take exactly these actions if you run "terraform apply" now.
